
Microsoft Visual Studio Solution File, Format Version 12.00
# Visual Studio Version 17
VisualStudioVersion = 17.0.31903.59
MinimumVisualStudioVersion = 10.0.40219.1
Project("{2150E333-8FDC-42A3-9474-1A3956D46DE8}") = "src", "src", "{827E0CD3-B72D-47B6-A68D-7590B98EB39B}"
EndProject
Project("{2150E333-8FDC-42A3-9474-1A3956D46DE8}") = "Backend", "Backend", "{FE360695-3F2B-1049-3887-35FBB5135923}"
EndProject
Project("{FAE04EC0-301F-11D3-BF4B-00C04F79EFBC}") = "TestAutomation.Api", "src\Backend\TestAutomation.Api\TestAutomation.Api.csproj", "{A391BF61-7628-4046-806B-36F0FC2F7D35}"
EndProject
Project("{FAE04EC0-301F-11D3-BF4B-00C04F79EFBC}") = "TestAutomation.Domain", "src\Backend\TestAutomation.Domain\TestAutomation.Domain.csproj", "{BA46A222-CC8A-4435-8DDA-67B31C222E7C}"
EndProject
Project("{FAE04EC0-301F-11D3-BF4B-00C04F79EFBC}") = "TestAutomation.Application", "src\Backend\TestAutomation.Application\TestAutomation.Application.csproj", "{73AAA0FF-EA6A-4145-B448-B1EEC90846DF}"
EndProject
Project("{FAE04EC0-301F-11D3-BF4B-00C04F79EFBC}") = "TestAutomation.Infrastructure", "src\Backend\TestAutomation.Infrastructure\TestAutomation.Infrastructure.csproj", "{09E25DA6-10EC-4108-9B41-B203AB3CE7FE}"
EndProject
Project("{2150E333-8FDC-42A3-9474-1A3956D46DE8}") = "TestFramework", "TestFramework", "{2ABFC314-6EE6-51ED-088E-9D1758A19462}"
EndProject
Project("{FAE04EC0-301F-11D3-BF4B-00C04F79EFBC}") = "TestAutomation.TestFramework.Core", "src\TestFramework\TestAutomation.TestFramework.Core\TestAutomation.TestFramework.Core.csproj", "{06E91A48-BC56-4B5F-9C95-680C0ED0784C}"
EndProject
Project("{FAE04EC0-301F-11D3-BF4B-00C04F79EFBC}") = "TestAutomation.TestFramework.Forex", "src\TestFramework\TestAutomation.TestFramework.Forex\TestAutomation.TestFramework.Forex.csproj", "{7B5B526A-5DD2-4669-8D3B-F1544B241112}"
EndProject
Project("{2150E333-8FDC-42A3-9474-1A3956D46DE8}") = "tests", "tests", "{0AB3BF05-4346-4AA6-1389-037BE0695223}"
EndProject
Project("{FAE04EC0-301F-11D3-BF4B-00C04F79EFBC}") = "TestAutomation.Tests.Unit", "tests\TestAutomation.Tests.Unit\TestAutomation.Tests.Unit.csproj", "{5D9BC74E-476E-403D-9F10-16F7B257026A}"
EndProject
Project("{FAE04EC0-301F-11D3-BF4B-00C04F79EFBC}") = "TestAutomation.Tests.Integration", "tests\TestAutomation.Tests.Integration\TestAutomation.Tests.Integration.csproj", "{DEA7DBD6-CA45-46F3-B7EA-D339CE6379F9}"
EndProject
Global
	GlobalSection(SolutionConfigurationPlatforms) = preSolution
		Debug|Any CPU = Debug|Any CPU
		Debug|x64 = Debug|x64
		Debug|x86 = Debug|x86
		Release|Any CPU = Release|Any CPU
		Release|x64 = Release|x64
		Release|x86 = Release|x86
	EndGlobalSection
	GlobalSection(ProjectConfigurationPlatforms) = postSolution
		{A391BF61-7628-4046-806B-36F0FC2F7D35}.Debug|Any CPU.ActiveCfg = Debug|Any CPU
		{A391BF61-7628-4046-806B-36F0FC2F7D35}.Debug|Any CPU.Build.0 = Debug|Any CPU
		{A391BF61-7628-4046-806B-36F0FC2F7D35}.Debug|x64.ActiveCfg = Debug|Any CPU
		{A391BF61-7628-4046-806B-36F0FC2F7D35}.Debug|x64.Build.0 = Debug|Any CPU
		{A391BF61-7628-4046-806B-36F0FC2F7D35}.Debug|x86.ActiveCfg = Debug|Any CPU
		{A391BF61-7628-4046-806B-36F0FC2F7D35}.Debug|x86.Build.0 = Debug|Any CPU
		{A391BF61-7628-4046-806B-36F0FC2F7D35}.Release|Any CPU.ActiveCfg = Release|Any CPU
		{A391BF61-7628-4046-806B-36F0FC2F7D35}.Release|Any CPU.Build.0 = Release|Any CPU
		{A391BF61-7628-4046-806B-36F0FC2F7D35}.Release|x64.ActiveCfg = Release|Any CPU
		{A391BF61-7628-4046-806B-36F0FC2F7D35}.Release|x64.Build.0 = Release|Any CPU
		{A391BF61-7628-4046-806B-36F0FC2F7D35}.Release|x86.ActiveCfg = Release|Any CPU
		{A391BF61-7628-4046-806B-36F0FC2F7D35}.Release|x86.Build.0 = Release|Any CPU
		{BA46A222-CC8A-4435-8DDA-67B31C222E7C}.Debug|Any CPU.ActiveCfg = Debug|Any CPU
		{BA46A222-CC8A-4435-8DDA-67B31C222E7C}.Debug|Any CPU.Build.0 = Debug|Any CPU
		{BA46A222-CC8A-4435-8DDA-67B31C222E7C}.Debug|x64.ActiveCfg = Debug|Any CPU
		{BA46A222-CC8A-4435-8DDA-67B31C222E7C}.Debug|x64.Build.0 = Debug|Any CPU
		{BA46A222-CC8A-4435-8DDA-67B31C222E7C}.Debug|x86.ActiveCfg = Debug|Any CPU
		{BA46A222-CC8A-4435-8DDA-67B31C222E7C}.Debug|x86.Build.0 = Debug|Any CPU
		{BA46A222-CC8A-4435-8DDA-67B31C222E7C}.Release|Any CPU.ActiveCfg = Release|Any CPU
		{BA46A222-CC8A-4435-8DDA-67B31C222E7C}.Release|Any CPU.Build.0 = Release|Any CPU
		{BA46A222-CC8A-4435-8DDA-67B31C222E7C}.Release|x64.ActiveCfg = Release|Any CPU
		{BA46A222-CC8A-4435-8DDA-67B31C222E7C}.Release|x64.Build.0 = Release|Any CPU
		{BA46A222-CC8A-4435-8DDA-67B31C222E7C}.Release|x86.ActiveCfg = Release|Any CPU
		{BA46A222-CC8A-4435-8DDA-67B31C222E7C}.Release|x86.Build.0 = Release|Any CPU
		{73AAA0FF-EA6A-4145-B448-B1EEC90846DF}.Debug|Any CPU.ActiveCfg = Debug|Any CPU
		{73AAA0FF-EA6A-4145-B448-B1EEC90846DF}.Debug|Any CPU.Build.0 = Debug|Any CPU
		{73AAA0FF-EA6A-4145-B448-B1EEC90846DF}.Debug|x64.ActiveCfg = Debug|Any CPU
		{73AAA0FF-EA6A-4145-B448-B1EEC90846DF}.Debug|x64.Build.0 = Debug|Any CPU
		{73AAA0FF-EA6A-4145-B448-B1EEC90846DF}.Debug|x86.ActiveCfg = Debug|Any CPU
		{73AAA0FF-EA6A-4145-B448-B1EEC90846DF}.Debug|x86.Build.0 = Debug|Any CPU
		{73AAA0FF-EA6A-4145-B448-B1EEC90846DF}.Release|Any CPU.ActiveCfg = Release|Any CPU
		{73AAA0FF-EA6A-4145-B448-B1EEC90846DF}.Release|Any CPU.Build.0 = Release|Any CPU
		{73AAA0FF-EA6A-4145-B448-B1EEC90846DF}.Release|x64.ActiveCfg = Release|Any CPU
		{73AAA0FF-EA6A-4145-B448-B1EEC90846DF}.Release|x64.Build.0 = Release|Any CPU
		{73AAA0FF-EA6A-4145-B448-B1EEC90846DF}.Release|x86.ActiveCfg = Release|Any CPU
		{73AAA0FF-EA6A-4145-B448-B1EEC90846DF}.Release|x86.Build.0 = Release|Any CPU
		{09E25DA6-10EC-4108-9B41-B203AB3CE7FE}.Debug|Any CPU.ActiveCfg = Debug|Any CPU
		{09E25DA6-10EC-4108-9B41-B203AB3CE7FE}.Debug|Any CPU.Build.0 = Debug|Any CPU
		{09E25DA6-10EC-4108-9B41-B203AB3CE7FE}.Debug|x64.ActiveCfg = Debug|Any CPU
		{09E25DA6-10EC-4108-9B41-B203AB3CE7FE}.Debug|x64.Build.0 = Debug|Any CPU
		{09E25DA6-10EC-4108-9B41-B203AB3CE7FE}.Debug|x86.ActiveCfg = Debug|Any CPU
		{09E25DA6-10EC-4108-9B41-B203AB3CE7FE}.Debug|x86.Build.0 = Debug|Any CPU
		{09E25DA6-10EC-4108-9B41-B203AB3CE7FE}.Release|Any CPU.ActiveCfg = Release|Any CPU
		{09E25DA6-10EC-4108-9B41-B203AB3CE7FE}.Release|Any CPU.Build.0 = Release|Any CPU
		{09E25DA6-10EC-4108-9B41-B203AB3CE7FE}.Release|x64.ActiveCfg = Release|Any CPU
		{09E25DA6-10EC-4108-9B41-B203AB3CE7FE}.Release|x64.Build.0 = Release|Any CPU
		{09E25DA6-10EC-4108-9B41-B203AB3CE7FE}.Release|x86.ActiveCfg = Release|Any CPU
		{09E25DA6-10EC-4108-9B41-B203AB3CE7FE}.Release|x86.Build.0 = Release|Any CPU
		{06E91A48-BC56-4B5F-9C95-680C0ED0784C}.Debug|Any CPU.ActiveCfg = Debug|Any CPU
		{06E91A48-BC56-4B5F-9C95-680C0ED0784C}.Debug|Any CPU.Build.0 = Debug|Any CPU
		{06E91A48-BC56-4B5F-9C95-680C0ED0784C}.Debug|x64.ActiveCfg = Debug|Any CPU
		{06E91A48-BC56-4B5F-9C95-680C0ED0784C}.Debug|x64.Build.0 = Debug|Any CPU
		{06E91A48-BC56-4B5F-9C95-680C0ED0784C}.Debug|x86.ActiveCfg = Debug|Any CPU
		{06E91A48-BC56-4B5F-9C95-680C0ED0784C}.Debug|x86.Build.0 = Debug|Any CPU
		{06E91A48-BC56-4B5F-9C95-680C0ED0784C}.Release|Any CPU.ActiveCfg = Release|Any CPU
		{06E91A48-BC56-4B5F-9C95-680C0ED0784C}.Release|Any CPU.Build.0 = Release|Any CPU
		{06E91A48-BC56-4B5F-9C95-680C0ED0784C}.Release|x64.ActiveCfg = Release|Any CPU
		{06E91A48-BC56-4B5F-9C95-680C0ED0784C}.Release|x64.Build.0 = Release|Any CPU
		{06E91A48-BC56-4B5F-9C95-680C0ED0784C}.Release|x86.ActiveCfg = Release|Any CPU
		{06E91A48-BC56-4B5F-9C95-680C0ED0784C}.Release|x86.Build.0 = Release|Any CPU
		{7B5B526A-5DD2-4669-8D3B-F1544B241112}.Debug|Any CPU.ActiveCfg = Debug|Any CPU
		{7B5B526A-5DD2-4669-8D3B-F1544B241112}.Debug|Any CPU.Build.0 = Debug|Any CPU
		{7B5B526A-5DD2-4669-8D3B-F1544B241112}.Debug|x64.ActiveCfg = Debug|Any CPU
		{7B5B526A-5DD2-4669-8D3B-F1544B241112}.Debug|x64.Build.0 = Debug|Any CPU
		{7B5B526A-5DD2-4669-8D3B-F1544B241112}.Debug|x86.ActiveCfg = Debug|Any CPU
		{7B5B526A-5DD2-4669-8D3B-F1544B241112}.Debug|x86.Build.0 = Debug|Any CPU
		{7B5B526A-5DD2-4669-8D3B-F1544B241112}.Release|Any CPU.ActiveCfg = Release|Any CPU
		{7B5B526A-5DD2-4669-8D3B-F1544B241112}.Release|Any CPU.Build.0 = Release|Any CPU
		{7B5B526A-5DD2-4669-8D3B-F1544B241112}.Release|x64.ActiveCfg = Release|Any CPU
		{7B5B526A-5DD2-4669-8D3B-F1544B241112}.Release|x64.Build.0 = Release|Any CPU
		{7B5B526A-5DD2-4669-8D3B-F1544B241112}.Release|x86.ActiveCfg = Release|Any CPU
		{7B5B526A-5DD2-4669-8D3B-F1544B241112}.Release|x86.Build.0 = Release|Any CPU
		{5D9BC74E-476E-403D-9F10-16F7B257026A}.Debug|Any CPU.ActiveCfg = Debug|Any CPU
		{5D9BC74E-476E-403D-9F10-16F7B257026A}.Debug|Any CPU.Build.0 = Debug|Any CPU
		{5D9BC74E-476E-403D-9F10-16F7B257026A}.Debug|x64.ActiveCfg = Debug|Any CPU
		{5D9BC74E-476E-403D-9F10-16F7B257026A}.Debug|x64.Build.0 = Debug|Any CPU
		{5D9BC74E-476E-403D-9F10-16F7B257026A}.Debug|x86.ActiveCfg = Debug|Any CPU
		{5D9BC74E-476E-403D-9F10-16F7B257026A}.Debug|x86.Build.0 = Debug|Any CPU
		{5D9BC74E-476E-403D-9F10-16F7B257026A}.Release|Any CPU.ActiveCfg = Release|Any CPU
		{5D9BC74E-476E-403D-9F10-16F7B257026A}.Release|Any CPU.Build.0 = Release|Any CPU
		{5D9BC74E-476E-403D-9F10-16F7B257026A}.Release|x64.ActiveCfg = Release|Any CPU
		{5D9BC74E-476E-403D-9F10-16F7B257026A}.Release|x64.Build.0 = Release|Any CPU
		{5D9BC74E-476E-403D-9F10-16F7B257026A}.Release|x86.ActiveCfg = Release|Any CPU
		{5D9BC74E-476E-403D-9F10-16F7B257026A}.Release|x86.Build.0 = Release|Any CPU
		{DEA7DBD6-CA45-46F3-B7EA-D339CE6379F9}.Debug|Any CPU.ActiveCfg = Debug|Any CPU
		{DEA7DBD6-CA45-46F3-B7EA-D339CE6379F9}.Debug|Any CPU.Build.0 = Debug|Any CPU
		{DEA7DBD6-CA45-46F3-B7EA-D339CE6379F9}.Debug|x64.ActiveCfg = Debug|Any CPU
		{DEA7DBD6-CA45-46F3-B7EA-D339CE6379F9}.Debug|x64.Build.0 = Debug|Any CPU
		{DEA7DBD6-CA45-46F3-B7EA-D339CE6379F9}.Debug|x86.ActiveCfg = Debug|Any CPU
		{DEA7DBD6-CA45-46F3-B7EA-D339CE6379F9}.Debug|x86.Build.0 = Debug|Any CPU
		{DEA7DBD6-CA45-46F3-B7EA-D339CE6379F9}.Release|Any CPU.ActiveCfg = Release|Any CPU
		{DEA7DBD6-CA45-46F3-B7EA-D339CE6379F9}.Release|Any CPU.Build.0 = Release|Any CPU
		{DEA7DBD6-CA45-46F3-B7EA-D339CE6379F9}.Release|x64.ActiveCfg = Release|Any CPU
		{DEA7DBD6-CA45-46F3-B7EA-D339CE6379F9}.Release|x64.Build.0 = Release|Any CPU
		{DEA7DBD6-CA45-46F3-B7EA-D339CE6379F9}.Release|x86.ActiveCfg = Release|Any CPU
		{DEA7DBD6-CA45-46F3-B7EA-D339CE6379F9}.Release|x86.Build.0 = Release|Any CPU
	EndGlobalSection
	GlobalSection(SolutionProperties) = preSolution
		HideSolutionNode = FALSE
	EndGlobalSection
	GlobalSection(NestedProjects) = preSolution
		{FE360695-3F2B-1049-3887-35FBB5135923} = {827E0CD3-B72D-47B6-A68D-7590B98EB39B}
		{A391BF61-7628-4046-806B-36F0FC2F7D35} = {FE360695-3F2B-1049-3887-35FBB5135923}
		{BA46A222-CC8A-4435-8DDA-67B31C222E7C} = {FE360695-3F2B-1049-3887-35FBB5135923}
		{73AAA0FF-EA6A-4145-B448-B1EEC90846DF} = {FE360695-3F2B-1049-3887-35FBB5135923}
		{09E25DA6-10EC-4108-9B41-B203AB3CE7FE} = {FE360695-3F2B-1049-3887-35FBB5135923}
		{2ABFC314-6EE6-51ED-088E-9D1758A19462} = {827E0CD3-B72D-47B6-A68D-7590B98EB39B}
		{06E91A48-BC56-4B5F-9C95-680C0ED0784C} = {2ABFC314-6EE6-51ED-088E-9D1758A19462}
		{7B5B526A-5DD2-4669-8D3B-F1544B241112} = {2ABFC314-6EE6-51ED-088E-9D1758A19462}
		{5D9BC74E-476E-403D-9F10-16F7B257026A} = {0AB3BF05-4346-4AA6-1389-037BE0695223}
		{DEA7DBD6-CA45-46F3-B7EA-D339CE6379F9} = {0AB3BF05-4346-4AA6-1389-037BE0695223}
	EndGlobalSection
EndGlobal
